
Microsoft Visual Studio Solution File, Format Version 12.00
# Visual Studio Version 17
VisualStudioVersion = 17.7.34202.233
MinimumVisualStudioVersion = 10.0.40219.1
Project("{FAE04EC0-301F-11D3-BF4B-00C04F79EFBC}") = "SelectionSort", "SelectionSort\SelectionSort.csproj", "{AA35FEE2-1AED-4CDB-88D0-F8FEF033EA4D}"
EndProject
Global
	GlobalSection(SolutionConfigurationPlatforms) = preSolution
		Debug|Any CPU = Debug|Any CPU
		Release|Any CPU = Release|Any CPU
	EndGlobalSection
	GlobalSection(ProjectConfigurationPlatforms) = postSolution
		{AA35FEE2-1AED-4CDB-88D0-F8FEF033EA4D}.Debug|Any CPU.ActiveCfg = Debug|Any CPU
		{AA35FEE2-1AED-4CDB-88D0-F8FEF033EA4D}.Debug|Any CPU.Build.0 = Debug|Any CPU
		{AA35FEE2-1AED-4CDB-88D0-F8FEF033EA4D}.Release|Any CPU.ActiveCfg = Release|Any CPU
		{AA35FEE2-1AED-4CDB-88D0-F8FEF033EA4D}.Release|Any CPU.Build.0 = Release|Any CPU
	EndGlobalSection
	GlobalSection(SolutionProperties) = preSolution
		HideSolutionNode = FALSE
	EndGlobalSection
	GlobalSection(ExtensibilityGlobals) = postSolution
		SolutionGuid = {0AD8C11B-9069-4255-9AD8-387E7FEE59E0}
	EndGlobalSection
EndGlobal
